// !$*UTF8*$!
{
	archiveVersion = 1;
	classes = {
	};
	objectVersion = 50;
	objects = {

/* Begin PBXBuildFile section */
		20EAC7A3210666DB00EAF67D /* AppDelegate.swift in Sources */ = {isa = PBXBuildFile; fileRef = 20EAC7A2210666DB00EAF67D /* AppDelegate.swift */; };
		20EAC7A5210666DC00EAF67D /* ViewController.swift in Sources */ = {isa = PBXBuildFile; fileRef = 20EAC7A4210666DC00EAF67D /* ViewController.swift */; };
		20EAC7A8210666DC00EAF67D /* Main.storyboard in Resources */ = {isa = PBXBuildFile; fileRef = 20EAC7A6210666DC00EAF67D /* Main.storyboard */; };
		20EAC7AA2106670B00EAF67D /* Assets.xcassets in Resources */ = {isa = PBXBuildFile; fileRef = 20EAC7A92106670B00EAF67D /* Assets.xcassets */; };
		20EAC7AD2106670B00EAF67D /* LaunchScreen.storyboard in Resources */ = {isa = PBXBuildFile; fileRef = 20EAC7AB2106670B00EAF67D /* LaunchScreen.storyboard */; };
		20EAC7B521074B7800EAF67D /* ViewControllerTela2.swift in Sources */ = {isa = PBXBuildFile; fileRef = 20EAC7B421074B7700EAF67D /* ViewControllerTela2.swift */; };
/* End PBXBuildFile section */

/* Begin PBXFileReference section */
		20EAC79F210666DB00EAF67D /* MeuPrimeiroApp.app */ = {isa = PBXFileReference; explicitFileType = wrapper.application; includeInIndex = 0; path = MeuPrimeiroApp.app; sourceTree = BUILT_PRODUCTS_DIR; };
		20EAC7A2210666DB00EAF67D /* AppDelegate.swift */ = {isa = PBXFileReference; lastKnownFileType = sourcecode.swift; path = AppDelegate.swift; sourceTree = "<group>"; };
		20EAC7A4210666DC00EAF67D /* ViewController.swift */ = {isa = PBXFileReference; lastKnownFileType = sourcecode.swift; path = ViewController.swift; sourceTree = "<group>"; };
		20EAC7A7210666DC00EAF67D /* Base */ = {isa = PBXFileReference; lastKnownFileType = file.storyboard; name = Base; path = Base.lproj/Main.storyboard; sourceTree = "<group>"; };
		20EAC7A92106670B00EAF67D /* Assets.xcassets */ = {isa = PBXFileReference; lastKnownFileType = folder.assetcatalog; path = Assets.xcassets; sourceTree = "<group>"; };
		20EAC7AC2106670B00EAF67D /* Base */ = {isa = PBXFileReference; lastKnownFileType = file.storyboard; name = Base; path = Base.lproj/LaunchScreen.storyboard; sourceTree = "<group>"; };
		20EAC7AE2106670B00EAF67D /* Info.plist */ = {isa = PBXFileReference; lastKnownFileType = text.plist.xml; path = Info.plist; sourceTree = "<group>"; };
		20EAC7B421074B7700EAF67D /* ViewControllerTela2.swift */ = {isa = PBXFileReference; lastKnownFileType = sourcecode.swift; path = ViewControllerTela2.swift; sourceTree = "<group>"; };
/* End PBXFileReference section */

/* Begin PBXFrameworksBuildPhase section */
		20EAC79C210666DB00EAF67D /* Frameworks */ = {
			isa = PBXFrameworksBuildPhase;
			buildActionMask = 2147483647;
			files = (
			);
			runOnlyForDeploymentPostprocessing = 0;
		};
/* End PBXFrameworksBuildPhase section */

/* Begin PBXGroup section */
		20EAC796210666DB00EAF67D = {
			isa = PBXGroup;
			children = (
				20EAC7A1210666DB00EAF67D /* MeuPrimeiroApp */,
				20EAC7A0210666DB00EAF67D /* Products */,
			);
			sourceTree = "<group>";
		};
		20EAC7A0210666DB00EAF67D /* Products */ = {
			isa = PBXGroup;
			children = (
				20EAC79F210666DB00EAF67D /* MeuPrimeiroApp.app */,
			);
			name = Products;
			sourceTree = "<group>";
		};
		20EAC7A1210666DB00EAF67D /* MeuPrimeiroApp */ = {
			isa = PBXGroup;
			children = (
				20EAC7A2210666DB00EAF67D /* AppDelegate.swift */,
				20EAC7A4210666DC00EAF67D /* ViewController.swift */,
				20EAC7B421074B7700EAF67D /* ViewControllerTela2.swift */,
				20EAC7A6210666DC00EAF67D /* Main.storyboard */,
				20EAC7A92106670B00EAF67D /* Assets.xcassets */,
				20EAC7AB2106670B00EAF67D /* LaunchScreen.storyboard */,
				20EAC7AE2106670B00EAF67D /* Info.plist */,
			);
			path = MeuPrimeiroApp;
			sourceTree = "<group>";
		};
/* End PBXGroup section */

/* Begin PBXNativeTarget section */
		20EAC79E210666DB00EAF67D /* MeuPrimeiroApp */ = {
			isa = PBXNativeTarget;
			buildConfigurationList = 20EAC7B12106670C00EAF67D /* Build configuration list for PBXNativeTarget "MeuPrimeiroApp" */;
			buildPhases = (
				20EAC79B210666DB00EAF67D /* Sources */,
				20EAC79C210666DB00EAF67D /* Frameworks */,
				20EAC79D210666DB00EAF67D /* Resources */,
			);
			buildRules = (
			);
			dependencies = (
			);
			name = MeuPrimeiroApp;
			productName = MeuPrimeiroApp;
			productReference = 20EAC79F210666DB00EAF67D /* MeuPrimeiroApp.app */;
			productType = "com.apple.product-type.application";
		};
/* End PBXNativeTarget section */

/* Begin PBXProject section */
		20EAC797210666DB00EAF67D /* Project object */ = {
			isa = PBXProject;
			attributes = {
				LastSwiftUpdateCheck = 0940;
				LastUpgradeCheck = 0940;
				ORGANIZATIONNAME = cursoIOS;
				TargetAttributes = {
					20EAC79E210666DB00EAF67D = {
						CreatedOnToolsVersion = 9.4.1;
					};
				};
			};
			buildConfigurationList = 20EAC79A210666DB00EAF67D /* Build configuration list for PBXProject "MeuPrimeiroApp" */;
			compatibilityVersion = "Xcode 9.3";
			developmentRegion = en;
			hasScannedForEncodings = 0;
			knownRegions = (
				en,
				Base,
			);
			mainGroup = 20EAC796210666DB00EAF67D;
			productRefGroup = 20EAC7A0210666DB00EAF67D /* Products */;
			projectDirPath = "";
			projectRoot = "";
			targets = (
				20EAC79E210666DB00EAF67D /* MeuPrimeiroApp */,
			);
		};
/* End PBXProject section */

/* Begin PBXResourcesBuildPhase section */
		20EAC79D210666DB00EAF67D /* Resources */ = {
			isa = PBXResourcesBuildPhase;
			buildActionMask = 2147483647;
			files = (
				20EAC7AD2106670B00EAF67D /* LaunchScreen.storyboard in Resources */,
				20EAC7AA2106670B00EAF67D /* Assets.xcassets in Resources */,
				20EAC7A8210666DC00EAF67D /* Main.storyboard in Resources */,
			);
			runOnlyForDeploymentPostprocessing = 0;
		};
/* End PBXResourcesBuildPhase section */

/* Begin PBXSourcesBuildPhase section */
		20EAC79B210666DB00EAF67D /* Sources */ = {
			isa = PBXSourcesBuildPhase;
			buildActionMask = 2147483647;
			files = (
				20EAC7A5210666DC00EAF67D /* ViewController.swift in Sources */,
				20EAC7B521074B7800EAF67D /* ViewControllerTela2.swift in Sources */,
				20EAC7A3210666DB00EAF67D /* AppDelegate.swift in Sources */,
			);
			runOnlyForDeploymentPostprocessing = 0;
		};
/* End PBXSourcesBuildPhase section */

/* Begin PBXVariantGroup section */
		20EAC7A6210666DC00EAF67D /* Main.storyboard */ = {
			isa = PBXVariantGroup;
			children = (
				20EAC7A7210666DC00EAF67D /* Base */,
			);
			name = Main.storyboard;
			sourceTree = "<group>";
		};
		20EAC7AB2106670B00EAF67D /* LaunchScreen.storyboard */ = {
			isa = PBXVariantGroup;
			children = (
				20EAC7AC2106670B00EAF67D /* Base */,
			);
			name = LaunchScreen.storyboard;
			sourceTree = "<group>";
		};
/* End PBXVariantGroup section */

/* Begin XCBuildConfiguration section */
		20EAC7AF2106670C00EAF67D /* Debug */ = {
			isa = XCBuildConfiguration;
			buildSettings = {
				ALWAYS_SEARCH_USER_PATHS = NO;
				CLANG_ANALYZER_NONNULL = YES;
				CLANG_ANALYZER_NUMBER_OBJECT_CONVERSION = YES_AGGRESSIVE;
				CLANG_CXX_LANGUAGE_STANDARD = "gnu++14";
				CLANG_CXX_LIBRARY = "libc++";
				CLANG_ENABLE_MODULES = YES;
				CLANG_ENABLE_OBJC_ARC = YES;
				CLANG_ENABLE_OBJC_WEAK = YES;
				CLANG_WARN_BLOCK_CAPTURE_AUTORELEASING = YES;
				CLANG_WARN_BOOL_CONVERSION = YES;
				CLANG_WARN_COMMA = YES;
				CLANG_WARN_CONSTANT_CONVERSION = YES;
				CLANG_WARN_DEPRECATED_OBJC_IMPLEMENTATIONS = YES;
				CLANG_WARN_DIRECT_OBJC_ISA_USAGE = YES_ERROR;
				CLANG_WARN_DOCUMENTATION_COMMENTS = YES;
				CLANG_WARN_EMPTY_BODY = YES;
				CLANG_WARN_ENUM_CONVERSION = YES;
				CLANG_WARN_INFINITE_RECURSION = YES;
				CLANG_WARN_INT_CONVERSION = YES;
				CLANG_WARN_NON_LITERAL_NULL_CONVERSION = YES;
				CLANG_WARN_OBJC_IMPLICIT_RETAIN_SELF = YES;
				CLANG_WARN_OBJC_LITERAL_CONVERSION = YES;
				CLANG_WARN_OBJC_ROOT_CLASS = YES_ERROR;
				CLANG_WARN_RANGE_LOOP_ANALYSIS = YES;
				CLANG_WARN_STRICT_PROTOTYPES = YES;
				CLANG_WARN_SUSPICIOUS_MOVE = YES;
				CLANG_WARN_UNGUARDED_AVAILABILITY = YES_AGGRESSIVE;
				CLANG_WARN_UNREACHABLE_CODE = YES;
				CLANG_WARN__DUPLICATE_METHOD_MATCH = YES;
				CODE_SIGN_IDENTITY = "iPhone Developer";
				COPY_PHASE_STRIP = NO;
				DEBUG_INFORMATION_FORMAT = dwarf;
				ENABLE_STRICT_OBJC_MSGSEND = YES;
				ENABLE_TESTABILITY = YES;
				GCC_C_LANGUAGE_STANDARD = gnu11;
				GCC_DYNAMIC_NO_PIC = NO;
				GCC_NO_COMMON_BLOCKS = YES;
				GCC_OPTIMIZATION_LEVEL = 0;
				GCC_PREPROCESSOR_DEFINITIONS = (
					"DEBUG=1",
					"$(inherited)",
				);
				GCC_WARN_64_TO_32_BIT_CONVERSION = YES;
				GCC_WARN_ABOUT_RETURN_TYPE = YES_ERROR;
				GCC_WARN_UNDECLARED_SELECTOR = YES;
				GCC_WARN_UNINITIALIZED_AUTOS = YES_AGGRESSIVE;
				GCC_WARN_UNUSED_FUNCTION = YES;
				GCC_WARN_UNUSED_VARIABLE = YES;
				IPHONEOS_DEPLOYMENT_TARGET = 11.4;
				MTL_ENABLE_DEBUG_INFO = YES;
				ONLY_ACTIVE_ARCH = YES;
				SDKROOT = iphoneos;
				SWIFT_ACTIVE_COMPILATION_CONDITIONS = DEBUG;
				SWIFT_OPTIMIZATION_LEVEL = "-Onone";
			};
			name = Debug;
		};
		20EAC7B02106670C00EAF67D /* Release */ = {
			isa = XCBuildConfiguration;
			buildSettings = {
				ALWAYS_SEARCH_USER_PATHS = NO;
				CLANG_ANALYZER_NONNULL = YES;
				CLANG_ANALYZER_NUMBER_OBJECT_CONVERSION = YES_AGGRESSIVE;
				CLANG_CXX_LANGUAGE_STANDARD = "gnu++14";
				CLANG_CXX_LIBRARY = "libc++";
				CLANG_ENABLE_MODULES = YES;
				CLANG_ENABLE_OBJC_ARC = YES;
				CLANG_ENABLE_OBJC_WEAK = YES;
				CLANG_WARN_BLOCK_CAPTURE_AUTORELEASING = YES;
				CLANG_WARN_BOOL_CONVERSION = YES;
				CLANG_WARN_COMMA = YES;
				CLANG_WARN_CONSTANT_CONVERSION = YES;
				CLANG_WARN_DEPRECATED_OBJC_IMPLEMENTATIONS = YES;
				CLANG_WARN_DIRECT_OBJC_ISA_USAGE = YES_ERROR;
				CLANG_WARN_DOCUMENTATION_COMMENTS = YES;
				CLANG_WARN_EMPTY_BODY = YES;
				CLANG_WARN_ENUM_CONVERSION = YES;
				CLANG_WARN_INFINITE_RECURSION = YES;
				CLANG_WARN_INT_CONVERSION = YES;
				CLANG_WARN_NON_LITERAL_NULL_CONVERSION = YES;
				CLANG_WARN_OBJC_IMPLICIT_RETAIN_SELF = YES;
				CLANG_WARN_OBJC_LITERAL_CONVERSION = YES;
				CLANG_WARN_OBJC_ROOT_CLASS = YES_ERROR;
				CLANG_WARN_RANGE_LOOP_ANALYSIS = YES;
				CLANG_WARN_STRICT_PROTOTYPES = YES;
				CLANG_WARN_SUSPICIOUS_MOVE = YES;
				CLANG_WARN_UNGUARDED_AVAILABILITY = YES_AGGRESSIVE;
				CLANG_WARN_UNREACHABLE_CODE = YES;
				CLANG_WARN__DUPLICATE_METHOD_MATCH = YES;
				CODE_SIGN_IDENTITY = "iPhone Developer";
				COPY_PHASE_STRIP = NO;
				DEBUG_INFORMATION_FORMAT = "dwarf-with-dsym";
				ENABLE_NS_ASSERTIONS = NO;
				ENABLE_STRICT_OBJC_MSGSEND = YES;
				GCC_C_LANGUAGE_STANDARD = gnu11;
				GCC_NO_COMMON_BLOCKS = YES;
				GCC_WARN_64_TO_32_BIT_CONVERSION = YES;
				GCC_WARN_ABOUT_RETURN_TYPE = YES_ERROR;
				GCC_WARN_UNDECLARED_SELECTOR = YES;
				GCC_WARN_UNINITIALIZED_AUTOS = YES_AGGRESSIVE;
				GCC_WARN_UNUSED_FUNCTION = YES;
				GCC_WARN_UNUSED_VARIABLE = YES;
				IPHONEOS_DEPLOYMENT_TARGET = 11.4;
				MTL_ENABLE_DEBUG_INFO = NO;
				SDKROOT = iphoneos;
				SWIFT_COMPILATION_MODE = wholemodule;
				SWIFT_OPTIMIZATION_LEVEL = "-O";
				VALIDATE_PRODUCT = YES;
			};
			name = Release;
		};
		20EAC7B22106670C00EAF67D /* Debug */ = {
			isa = XCBuildConfiguration;
			buildSettings = {
				ASSETCATALOG_COMPILER_APPICON_NAME = AppIcon;
				CODE_SIGN_STYLE = Automatic;
				DEVELOPMENT_TEAM = 435KK8SSN6;
				INFOPLIST_FILE = MeuPrimeiroApp/Info.plist;
				LD_RUNPATH_SEARCH_PATHS = (
					"$(inherited)",
					"@executable_path/Frameworks",
				);
				PRODUCT_BUNDLE_IDENTIFIER = io.github.guilhermebferreira.MeuPrimeiroApp;
				PRODUCT_NAME = "$(TARGET_NAME)";
				SWIFT_VERSION = 4.0;
				TARGETED_DEVICE_FAMILY = "1,2";
			};
			name = Debug;
		};
		20EAC7B32106670C00EAF67D /* Release */ = {
			isa = XCBuildConfiguration;
			buildSettings = {
				ASSETCATALOG_COMPILER_APPICON_NAME = AppIcon;
				CODE_SIGN_STYLE = Automatic;
				DEVELOPMENT_TEAM = 435KK8SSN6;
				INFOPLIST_FILE = MeuPrimeiroApp/Info.plist;
				LD_RUNPATH_SEARCH_PATHS = (
					"$(inherited)",
					"@executable_path/Frameworks",
				);
				PRODUCT_BUNDLE_IDENTIFIER = io.github.guilhermebferreira.MeuPrimeiroApp;
				PRODUCT_NAME = "$(TARGET_NAME)";
				SWIFT_VERSION = 4.0;
				TARGETED_DEVICE_FAMILY = "1,2";
			};
			name = Release;
		};
/* End XCBuildConfiguration section */

/* Begin XCConfigurationList section */
		20EAC79A210666DB00EAF67D /* Build configuration list for PBXProject "MeuPrimeiroApp" */ = {
			isa = XCConfigurationList;
			buildConfigurations = (
				20EAC7AF2106670C00EAF67D /* Debug */,
				20EAC7B02106670C00EAF67D /* Release */,
			);
			defaultConfigurationIsVisible = 0;
			defaultConfigurationName = Release;
		};
		20EAC7B12106670C00EAF67D /* Build configuration list for PBXNativeTarget "MeuPrimeiroApp" */ = {
			isa = XCConfigurationList;
			buildConfigurations = (
				20EAC7B22106670C00EAF67D /* Debug */,
				20EAC7B32106670C00EAF67D /* Release */,
			);
			defaultConfigurationIsVisible = 0;
			defaultConfigurationName = Release;
		};
/* End XCConfigurationList section */
	};
	rootObject = 20EAC797210666DB00EAF67D /* Project object */;
}
